
Microsoft Visual Studio Solution File, Format Version 12.00
Project("{FAE04EC0-301F-11D3-BF4B-00C04F79EFBC}") = "Llama2Desktop", "Llama2Desktop\Llama2Desktop.csproj", "{59B2B5CC-298F-43A2-BF07-7F73DA616A9E}"
EndProject
Global
	GlobalSection(SolutionConfigurationPlatforms) = preSolution
		Debug|Any CPU = Debug|Any CPU
		Release|Any CPU = Release|Any CPU
	EndGlobalSection
	GlobalSection(ProjectConfigurationPlatforms) = postSolution
		{59B2B5CC-298F-43A2-BF07-7F73DA616A9E}.Debug|Any CPU.ActiveCfg = Debug|Any CPU
		{59B2B5CC-298F-43A2-BF07-7F73DA616A9E}.Debug|Any CPU.Build.0 = Debug|Any CPU
		{59B2B5CC-298F-43A2-BF07-7F73DA616A9E}.Release|Any CPU.ActiveCfg = Release|Any CPU
		{59B2B5CC-298F-43A2-BF07-7F73DA616A9E}.Release|Any CPU.Build.0 = Release|Any CPU
	EndGlobalSection
EndGlobal
